<?xml version="1.0" encoding="utf-8"?>
<Project ToolsVersion="4.0" xmlns="http://schemas.microsoft.com/developer/msbuild/2003">
  <ItemGroup>
    <Filter Include="소스 파일">
      <UniqueIdentifier>{4FC737F1-C7A5-4376-A066-2A32D752A2FF}</UniqueIdentifier>
      <Extensions>cpp;c;cc;cxx;def;odl;idl;hpj;bat;asm;asmx</Extensions>
    </Filter>
    <Filter Include="헤더 파일">
      <UniqueIdentifier>{93995380-89BD-4b04-88EB-625FBE52EBFB}</UniqueIdentifier>
      <Extensions>h;hh;hpp;hxx;hm;inl;inc;ipp;xsd</Extensions>
    </Filter>
    <Filter Include="리소스 파일">
      <UniqueIdentifier>{67DA6AB6-F800-4c08-8B7A-83BB121AAD01}</UniqueIdentifier>
      <Extensions>rc;ico;cur;bmp;dlg;rc2;rct;bin;rgs;gif;jpg;jpeg;jpe;resx;tiff;tif;png;wav;mfcribbon-ms</Extensions>
    </Filter>
  </ItemGroup>
  <ItemGroup>
    <ClInclude Include="VisionImage.h">
      <Filter>헤더 파일</Filter>
    </ClInclude>
    <ClInclude Include="VisionImageDlg.h">
      <Filter>헤더 파일</Filter>
    </ClInclude>
    <ClInclude Include="framework.h">
      <Filter>헤더 파일</Filter>
    </ClInclude>
    <ClInclude Include="targetver.h">
      <Filter>헤더 파일</Filter>
    </ClInclude>
    <ClInclude Include="Resource.h">
      <Filter>헤더 파일</Filter>
    </ClInclude>
    <ClInclude Include="pch.h">
      <Filter>헤더 파일</Filter>
    </ClInclude>
    <ClInclude Include="IppDib.h">
      <Filter>헤더 파일</Filter>
    </ClInclude>
    <ClInclude Include="IppImage.h">
      <Filter>헤더 파일</Filter>
    </ClInclude>
    <ClInclude Include="RGBBYTE.h">
      <Filter>헤더 파일</Filter>
    </ClInclude>
    <ClInclude Include="IppConvert.h">
      <Filter>헤더 파일</Filter>
    </ClInclude>
    <ClInclude Include="stdafx.h">
      <Filter>헤더 파일</Filter>
    </ClInclude>
    <ClInclude Include="ImageSize.h">
      <Filter>헤더 파일</Filter>
    </ClInclude>
    <ClInclude Include="IppFilter.h">
      <Filter>헤더 파일</Filter>
    </ClInclude>
    <ClInclude Include="GaussianDlg.h">
      <Filter>헤더 파일</Filter>
    </ClInclude>
    <ClInclude Include="IppEnhance.h">
      <Filter>헤더 파일</Filter>
    </ClInclude>
    <ClInclude Include="BrightnessDlg.h">
      <Filter>헤더 파일</Filter>
    </ClInclude>
    <ClInclude Include="ContrastDlg.h">
      <Filter>헤더 파일</Filter>
    </ClInclude>
    <ClInclude Include="GammaCorrectionDlg.h">
      <Filter>헤더 파일</Filter>
    </ClInclude>
    <ClInclude Include="Tab1.h">
      <Filter>헤더 파일</Filter>
    </ClInclude>
    <ClInclude Include="Tab2.h">
      <Filter>헤더 파일</Filter>
    </ClInclude>
    <ClInclude Include="Tab3.h">
      <Filter>헤더 파일</Filter>
    </ClInclude>
    <ClInclude Include="IppSegment.h">
      <Filter>헤더 파일</Filter>
    </ClInclude>
    <ClInclude Include="BinarizationDlg.h">
      <Filter>헤더 파일</Filter>
    </ClInclude>
    <ClInclude Include="CannyEdgeDlg.h">
      <Filter>헤더 파일</Filter>
    </ClInclude>
    <ClInclude Include="HoughLineDlg.h">
      <Filter>헤더 파일</Filter>
    </ClInclude>
    <ClInclude Include="IppAvi.h">
      <Filter>헤더 파일</Filter>
    </ClInclude>
    <ClInclude Include="AviChildFrame.h">
      <Filter>헤더 파일</Filter>
    </ClInclude>
    <ClInclude Include="AviDoc.h">
      <Filter>헤더 파일</Filter>
    </ClInclude>
    <ClInclude Include="AviView.h">
      <Filter>헤더 파일</Filter>
    </ClInclude>
    <ClInclude Include="Port.h">
      <Filter>헤더 파일</Filter>
    </ClInclude>
    <ClInclude Include="IppFeature.h">
      <Filter>헤더 파일</Filter>
    </ClInclude>
    <ClInclude Include="RotateDlg.h">
      <Filter>헤더 파일</Filter>
    </ClInclude>
  </ItemGroup>
  <ItemGroup>
    <ClCompile Include="VisionImage.cpp">
      <Filter>소스 파일</Filter>
    </ClCompile>
    <ClCompile Include="VisionImageDlg.cpp">
      <Filter>소스 파일</Filter>
    </ClCompile>
    <ClCompile Include="pch.cpp">
      <Filter>소스 파일</Filter>
    </ClCompile>
    <ClCompile Include="IppDib.cpp">
      <Filter>소스 파일</Filter>
    </ClCompile>
    <ClCompile Include="IppConvert.cpp">
      <Filter>소스 파일</Filter>
    </ClCompile>
    <ClCompile Include="stdafx.cpp">
      <Filter>소스 파일</Filter>
    </ClCompile>
    <ClCompile Include="IppDibJpg.cpp">
      <Filter>소스 파일</Filter>
    </ClCompile>
    <ClCompile Include="ImageSize.cpp">
      <Filter>소스 파일</Filter>
    </ClCompile>
    <ClCompile Include="IppFilter.cpp">
      <Filter>소스 파일</Filter>
    </ClCompile>
    <ClCompile Include="GaussianDlg.cpp">
      <Filter>소스 파일</Filter>
    </ClCompile>
    <ClCompile Include="IppEnhance.cpp">
      <Filter>소스 파일</Filter>
    </ClCompile>
    <ClCompile Include="BrightnessDlg.cpp">
      <Filter>소스 파일</Filter>
    </ClCompile>
    <ClCompile Include="ContrastDlg.cpp">
      <Filter>소스 파일</Filter>
    </ClCompile>
    <ClCompile Include="GammaCorrectionDlg.cpp">
      <Filter>소스 파일</Filter>
    </ClCompile>
    <ClCompile Include="Tab1.cpp">
      <Filter>소스 파일</Filter>
    </ClCompile>
    <ClCompile Include="Tab2.cpp">
      <Filter>소스 파일</Filter>
    </ClCompile>
    <ClCompile Include="Tab3.cpp">
      <Filter>소스 파일</Filter>
    </ClCompile>
    <ClCompile Include="IppSegment.cpp">
      <Filter>소스 파일</Filter>
    </ClCompile>
    <ClCompile Include="BinarizationDlg.cpp">
      <Filter>소스 파일</Filter>
    </ClCompile>
    <ClCompile Include="IppFeature.cpp">
      <Filter>소스 파일</Filter>
    </ClCompile>
    <ClCompile Include="CannyEdgeDlg.cpp">
      <Filter>소스 파일</Filter>
    </ClCompile>
    <ClCompile Include="HoughLineDlg.cpp">
      <Filter>소스 파일</Filter>
    </ClCompile>
    <ClCompile Include="IppAvi.cpp">
      <Filter>소스 파일</Filter>
    </ClCompile>
    <ClCompile Include="AviChildFrame.cpp">
      <Filter>소스 파일</Filter>
    </ClCompile>
    <ClCompile Include="AviDoc.cpp">
      <Filter>소스 파일</Filter>
    </ClCompile>
    <ClCompile Include="AviView.cpp">
      <Filter>소스 파일</Filter>
    </ClCompile>
    <ClCompile Include="Port.cpp">
      <Filter>소스 파일</Filter>
    </ClCompile>
    <ClCompile Include="GrabSample.cpp">
      <Filter>소스 파일</Filter>
    </ClCompile>
    <ClCompile Include="RotateDlg.cpp">
      <Filter>소스 파일</Filter>
    </ClCompile>
  </ItemGroup>
  <ItemGroup>
    <ResourceCompile Include="VisionImage.rc">
      <Filter>리소스 파일</Filter>
    </ResourceCompile>
  </ItemGroup>
  <ItemGroup>
    <None Include="res\VisionImage.rc2">
      <Filter>리소스 파일</Filter>
    </None>
  </ItemGroup>
  <ItemGroup>
    <Image Include="res\VisionImage.ico">
      <Filter>리소스 파일</Filter>
    </Image>
  </ItemGroup>
</Project>