
Microsoft Visual Studio Solution File, Format Version 12.00
# Visual Studio 15
VisualStudioVersion = 15.0.28307.1585
MinimumVisualStudioVersion = 10.0.40219.1
Project("{8BC9CEB8-8B4A-11D0-8D11-00A0C91BC942}") = "DllDemo", "DllDemo.vcxproj", "{1BF48199-D8EA-4EDC-8E99-22B253960474}"
EndProject
Project("{8BC9CEB8-8B4A-11D0-8D11-00A0C91BC942}") = "TestApp", "..\TestApp\TestApp.vcxproj", "{7AB980BE-9AFD-4992-954A-1EF2EEE6C9A1}"
EndProject
Project("{8BC9CEB8-8B4A-11D0-8D11-00A0C91BC942}") = "TestAppDyn", "TestAppDyn\TestAppDyn.vcxproj", "{4C8EAF0E-DFA2-48A8-A036-81FE1815E0AC}"
EndProject
Global
	GlobalSection(SolutionConfigurationPlatforms) = preSolution
		Debug|x64 = Debug|x64
		Debug|x86 = Debug|x86
		Release|x64 = Release|x64
		Release|x86 = Release|x86
	EndGlobalSection
	GlobalSection(ProjectConfigurationPlatforms) = postSolution
		{1BF48199-D8EA-4EDC-8E99-22B253960474}.Debug|x64.ActiveCfg = Debug|x64
		{1BF48199-D8EA-4EDC-8E99-22B253960474}.Debug|x64.Build.0 = Debug|x64
		{1BF48199-D8EA-4EDC-8E99-22B253960474}.Debug|x86.ActiveCfg = Debug|Win32
		{1BF48199-D8EA-4EDC-8E99-22B253960474}.Debug|x86.Build.0 = Debug|Win32
		{1BF48199-D8EA-4EDC-8E99-22B253960474}.Release|x64.ActiveCfg = Release|x64
		{1BF48199-D8EA-4EDC-8E99-22B253960474}.Release|x64.Build.0 = Release|x64
		{1BF48199-D8EA-4EDC-8E99-22B253960474}.Release|x86.ActiveCfg = Release|Win32
		{1BF48199-D8EA-4EDC-8E99-22B253960474}.Release|x86.Build.0 = Release|Win32
		{7AB980BE-9AFD-4992-954A-1EF2EEE6C9A1}.Debug|x64.ActiveCfg = Debug|x64
		{7AB980BE-9AFD-4992-954A-1EF2EEE6C9A1}.Debug|x64.Build.0 = Debug|x64
		{7AB980BE-9AFD-4992-954A-1EF2EEE6C9A1}.Debug|x86.ActiveCfg = Debug|Win32
		{7AB980BE-9AFD-4992-954A-1EF2EEE6C9A1}.Debug|x86.Build.0 = Debug|Win32
		{7AB980BE-9AFD-4992-954A-1EF2EEE6C9A1}.Release|x64.ActiveCfg = Release|x64
		{7AB980BE-9AFD-4992-954A-1EF2EEE6C9A1}.Release|x64.Build.0 = Release|x64
		{7AB980BE-9AFD-4992-954A-1EF2EEE6C9A1}.Release|x86.ActiveCfg = Release|Win32
		{7AB980BE-9AFD-4992-954A-1EF2EEE6C9A1}.Release|x86.Build.0 = Release|Win32
		{4C8EAF0E-DFA2-48A8-A036-81FE1815E0AC}.Debug|x64.ActiveCfg = Debug|x64
		{4C8EAF0E-DFA2-48A8-A036-81FE1815E0AC}.Debug|x64.Build.0 = Debug|x64
		{4C8EAF0E-DFA2-48A8-A036-81FE1815E0AC}.Debug|x86.ActiveCfg = Debug|Win32
		{4C8EAF0E-DFA2-48A8-A036-81FE1815E0AC}.Debug|x86.Build.0 = Debug|Win32
		{4C8EAF0E-DFA2-48A8-A036-81FE1815E0AC}.Release|x64.ActiveCfg = Release|x64
		{4C8EAF0E-DFA2-48A8-A036-81FE1815E0AC}.Release|x64.Build.0 = Release|x64
		{4C8EAF0E-DFA2-48A8-A036-81FE1815E0AC}.Release|x86.ActiveCfg = Release|Win32
		{4C8EAF0E-DFA2-48A8-A036-81FE1815E0AC}.Release|x86.Build.0 = Release|Win32
	EndGlobalSection
	GlobalSection(SolutionProperties) = preSolution
		HideSolutionNode = FALSE
	EndGlobalSection
	GlobalSection(ExtensibilityGlobals) = postSolution
		SolutionGuid = {360D6DB9-5E19-4538-B97D-A0D94B13589A}
	EndGlobalSection
EndGlobal
